
Microsoft Visual Studio Solution File, Format Version 12.00
# Visual Studio 15
VisualStudioVersion = 15.0.28307.705
MinimumVisualStudioVersion = 10.0.40219.1
Project("{FAE04EC0-301F-11D3-BF4B-00C04F79EFBC}") = "App1.Android", "App1\App1.Android\App1.Android.csproj", "{390EACD4-F4EF-408F-B451-0F4C1F41FAB8}"
EndProject
Project("{FAE04EC0-301F-11D3-BF4B-00C04F79EFBC}") = "App1.iOS", "App1\App1.iOS\App1.iOS.csproj", "{290EA604-2496-4BFE-B55B-539E24BA78C0}"
EndProject
Project("{9A19103F-16F7-4668-BE54-9A1E7A4F7556}") = "App1", "App1\App1\App1.csproj", "{5EDC2A47-E7E2-44A0-90B8-FC62D87BA540}"
EndProject
Global
	GlobalSection(SolutionConfigurationPlatforms) = preSolution
		Ad-Hoc|Any CPU = Ad-Hoc|Any CPU
		Ad-Hoc|iPhone = Ad-Hoc|iPhone
		Ad-Hoc|iPhoneSimulator = Ad-Hoc|iPhoneSimulator
		AppStore|Any CPU = AppStore|Any CPU
		AppStore|iPhone = AppStore|iPhone
		AppStore|iPhoneSimulator = AppStore|iPhoneSimulator
		Debug|Any CPU = Debug|Any CPU
		Debug|iPhone = Debug|iPhone
		Debug|iPhoneSimulator = Debug|iPhoneSimulator
		Release|Any CPU = Release|Any CPU
		Release|iPhone = Release|iPhone
		Release|iPhoneSimulator = Release|iPhoneSimulator
	EndGlobalSection
	GlobalSection(ProjectConfigurationPlatforms) = postSolution
		{390EACD4-F4EF-408F-B451-0F4C1F41FAB8}.Ad-Hoc|Any CPU.ActiveCfg = Release|Any CPU
		{390EACD4-F4EF-408F-B451-0F4C1F41FAB8}.Ad-Hoc|Any CPU.Build.0 = Release|Any CPU
		{390EACD4-F4EF-408F-B451-0F4C1F41FAB8}.Ad-Hoc|Any CPU.Deploy.0 = Release|Any CPU
		{390EACD4-F4EF-408F-B451-0F4C1F41FAB8}.Ad-Hoc|iPhone.ActiveCfg = Release|Any CPU
		{390EACD4-F4EF-408F-B451-0F4C1F41FAB8}.Ad-Hoc|iPhone.Build.0 = Release|Any CPU
		{390EACD4-F4EF-408F-B451-0F4C1F41FAB8}.Ad-Hoc|iPhone.Deploy.0 = Release|Any CPU
		{390EACD4-F4EF-408F-B451-0F4C1F41FAB8}.Ad-Hoc|iPhoneSimulator.ActiveCfg = Release|Any CPU
		{390EACD4-F4EF-408F-B451-0F4C1F41FAB8}.Ad-Hoc|iPhoneSimulator.Build.0 = Release|Any CPU
		{390EACD4-F4EF-408F-B451-0F4C1F41FAB8}.Ad-Hoc|iPhoneSimulator.Deploy.0 = Release|Any CPU
		{390EACD4-F4EF-408F-B451-0F4C1F41FAB8}.AppStore|Any CPU.ActiveCfg = Release|Any CPU
		{390EACD4-F4EF-408F-B451-0F4C1F41FAB8}.AppStore|Any CPU.Build.0 = Release|Any CPU
		{390EACD4-F4EF-408F-B451-0F4C1F41FAB8}.AppStore|Any CPU.Deploy.0 = Release|Any CPU
		{390EACD4-F4EF-408F-B451-0F4C1F41FAB8}.AppStore|iPhone.ActiveCfg = Release|Any CPU
		{390EACD4-F4EF-408F-B451-0F4C1F41FAB8}.AppStore|iPhone.Build.0 = Release|Any CPU
		{390EACD4-F4EF-408F-B451-0F4C1F41FAB8}.AppStore|iPhone.Deploy.0 = Release|Any CPU
		{390EACD4-F4EF-408F-B451-0F4C1F41FAB8}.AppStore|iPhoneSimulator.ActiveCfg = Release|Any CPU
		{390EACD4-F4EF-408F-B451-0F4C1F41FAB8}.AppStore|iPhoneSimulator.Build.0 = Release|Any CPU
		{390EACD4-F4EF-408F-B451-0F4C1F41FAB8}.AppStore|iPhoneSimulator.Deploy.0 = Release|Any CPU
		{390EACD4-F4EF-408F-B451-0F4C1F41FAB8}.Debug|Any CPU.ActiveCfg = Debug|Any CPU
		{390EACD4-F4EF-408F-B451-0F4C1F41FAB8}.Debug|Any CPU.Build.0 = Debug|Any CPU
		{390EACD4-F4EF-408F-B451-0F4C1F41FAB8}.Debug|Any CPU.Deploy.0 = Debug|Any CPU
		{390EACD4-F4EF-408F-B451-0F4C1F41FAB8}.Debug|iPhone.ActiveCfg = Debug|Any CPU
		{390EACD4-F4EF-408F-B451-0F4C1F41FAB8}.Debug|iPhone.Build.0 = Debug|Any CPU
		{390EACD4-F4EF-408F-B451-0F4C1F41FAB8}.Debug|iPhone.Deploy.0 = Debug|Any CPU
		{390EACD4-F4EF-408F-B451-0F4C1F41FAB8}.Debug|iPhoneSimulator.ActiveCfg = Debug|Any CPU
		{390EACD4-F4EF-408F-B451-0F4C1F41FAB8}.Debug|iPhoneSimulator.Build.0 = Debug|Any CPU
		{390EACD4-F4EF-408F-B451-0F4C1F41FAB8}.Debug|iPhoneSimulator.Deploy.0 = Debug|Any CPU
		{390EACD4-F4EF-408F-B451-0F4C1F41FAB8}.Release|Any CPU.ActiveCfg = Release|Any CPU
		{390EACD4-F4EF-408F-B451-0F4C1F41FAB8}.Release|Any CPU.Build.0 = Release|Any CPU
		{390EACD4-F4EF-408F-B451-0F4C1F41FAB8}.Release|Any CPU.Deploy.0 = Release|Any CPU
		{390EACD4-F4EF-408F-B451-0F4C1F41FAB8}.Release|iPhone.ActiveCfg = Release|Any CPU
		{390EACD4-F4EF-408F-B451-0F4C1F41FAB8}.Release|iPhone.Build.0 = Release|Any CPU
		{390EACD4-F4EF-408F-B451-0F4C1F41FAB8}.Release|iPhone.Deploy.0 = Release|Any CPU
		{390EACD4-F4EF-408F-B451-0F4C1F41FAB8}.Release|iPhoneSimulator.ActiveCfg = Release|Any CPU
		{390EACD4-F4EF-408F-B451-0F4C1F41FAB8}.Release|iPhoneSimulator.Build.0 = Release|Any CPU
		{390EACD4-F4EF-408F-B451-0F4C1F41FAB8}.Release|iPhoneSimulator.Deploy.0 = Release|Any CPU
		{290EA604-2496-4BFE-B55B-539E24BA78C0}.Ad-Hoc|Any CPU.ActiveCfg = Ad-Hoc|iPhone
		{290EA604-2496-4BFE-B55B-539E24BA78C0}.Ad-Hoc|Any CPU.Build.0 = Ad-Hoc|iPhone
		{290EA604-2496-4BFE-B55B-539E24BA78C0}.Ad-Hoc|Any CPU.Deploy.0 = Ad-Hoc|iPhone
		{290EA604-2496-4BFE-B55B-539E24BA78C0}.Ad-Hoc|iPhone.ActiveCfg = Ad-Hoc|iPhone
		{290EA604-2496-4BFE-B55B-539E24BA78C0}.Ad-Hoc|iPhone.Build.0 = Ad-Hoc|iPhone
		{290EA604-2496-4BFE-B55B-539E24BA78C0}.Ad-Hoc|iPhone.Deploy.0 = Ad-Hoc|iPhone
		{290EA604-2496-4BFE-B55B-539E24BA78C0}.Ad-Hoc|iPhoneSimulator.ActiveCfg = Ad-Hoc|iPhoneSimulator
		{290EA604-2496-4BFE-B55B-539E24BA78C0}.Ad-Hoc|iPhoneSimulator.Build.0 = Ad-Hoc|iPhoneSimulator
		{290EA604-2496-4BFE-B55B-539E24BA78C0}.Ad-Hoc|iPhoneSimulator.Deploy.0 = Ad-Hoc|iPhoneSimulator
		{290EA604-2496-4BFE-B55B-539E24BA78C0}.AppStore|Any CPU.ActiveCfg = AppStore|iPhone
		{290EA604-2496-4BFE-B55B-539E24BA78C0}.AppStore|Any CPU.Build.0 = AppStore|iPhone
		{290EA604-2496-4BFE-B55B-539E24BA78C0}.AppStore|Any CPU.Deploy.0 = AppStore|iPhone
		{290EA604-2496-4BFE-B55B-539E24BA78C0}.AppStore|iPhone.ActiveCfg = AppStore|iPhone
		{290EA604-2496-4BFE-B55B-539E24BA78C0}.AppStore|iPhone.Build.0 = AppStore|iPhone
		{290EA604-2496-4BFE-B55B-539E24BA78C0}.AppStore|iPhone.Deploy.0 = AppStore|iPhone
		{290EA604-2496-4BFE-B55B-539E24BA78C0}.AppStore|iPhoneSimulator.ActiveCfg = AppStore|iPhoneSimulator
		{290EA604-2496-4BFE-B55B-539E24BA78C0}.AppStore|iPhoneSimulator.Build.0 = AppStore|iPhoneSimulator
		{290EA604-2496-4BFE-B55B-539E24BA78C0}.AppStore|iPhoneSimulator.Deploy.0 = AppStore|iPhoneSimulator
		{290EA604-2496-4BFE-B55B-539E24BA78C0}.Debug|Any CPU.ActiveCfg = Debug|iPhoneSimulator
		{290EA604-2496-4BFE-B55B-539E24BA78C0}.Debug|Any CPU.Build.0 = Debug|iPhoneSimulator
		{290EA604-2496-4BFE-B55B-539E24BA78C0}.Debug|Any CPU.Deploy.0 = Debug|iPhoneSimulator
		{290EA604-2496-4BFE-B55B-539E24BA78C0}.Debug|iPhone.ActiveCfg = Debug|iPhone
		{290EA604-2496-4BFE-B55B-539E24BA78C0}.Debug|iPhone.Build.0 = Debug|iPhone
		{290EA604-2496-4BFE-B55B-539E24BA78C0}.Debug|iPhone.Deploy.0 = Debug|iPhone
		{290EA604-2496-4BFE-B55B-539E24BA78C0}.Debug|iPhoneSimulator.ActiveCfg = Debug|iPhoneSimulator
		{290EA604-2496-4BFE-B55B-539E24BA78C0}.Debug|iPhoneSimulator.Build.0 = Debug|iPhoneSimulator
		{290EA604-2496-4BFE-B55B-539E24BA78C0}.Debug|iPhoneSimulator.Deploy.0 = Debug|iPhoneSimulator
		{290EA604-2496-4BFE-B55B-539E24BA78C0}.Release|Any CPU.ActiveCfg = Release|iPhone
		{290EA604-2496-4BFE-B55B-539E24BA78C0}.Release|Any CPU.Build.0 = Release|iPhone
		{290EA604-2496-4BFE-B55B-539E24BA78C0}.Release|Any CPU.Deploy.0 = Release|iPhone
		{290EA604-2496-4BFE-B55B-539E24BA78C0}.Release|iPhone.ActiveCfg = Release|iPhone
		{290EA604-2496-4BFE-B55B-539E24BA78C0}.Release|iPhone.Build.0 = Release|iPhone
		{290EA604-2496-4BFE-B55B-539E24BA78C0}.Release|iPhone.Deploy.0 = Release|iPhone
		{290EA604-2496-4BFE-B55B-539E24BA78C0}.Release|iPhoneSimulator.ActiveCfg = Release|iPhoneSimulator
		{290EA604-2496-4BFE-B55B-539E24BA78C0}.Release|iPhoneSimulator.Build.0 = Release|iPhoneSimulator
		{290EA604-2496-4BFE-B55B-539E24BA78C0}.Release|iPhoneSimulator.Deploy.0 = Release|iPhoneSimulator
		{5EDC2A47-E7E2-44A0-90B8-FC62D87BA540}.Ad-Hoc|Any CPU.ActiveCfg = Debug|Any CPU
		{5EDC2A47-E7E2-44A0-90B8-FC62D87BA540}.Ad-Hoc|Any CPU.Build.0 = Debug|Any CPU
		{5EDC2A47-E7E2-44A0-90B8-FC62D87BA540}.Ad-Hoc|Any CPU.Deploy.0 = Debug|Any CPU
		{5EDC2A47-E7E2-44A0-90B8-FC62D87BA540}.Ad-Hoc|iPhone.ActiveCfg = Debug|Any CPU
		{5EDC2A47-E7E2-44A0-90B8-FC62D87BA540}.Ad-Hoc|iPhone.Build.0 = Debug|Any CPU
		{5EDC2A47-E7E2-44A0-90B8-FC62D87BA540}.Ad-Hoc|iPhone.Deploy.0 = Debug|Any CPU
		{5EDC2A47-E7E2-44A0-90B8-FC62D87BA540}.Ad-Hoc|iPhoneSimulator.ActiveCfg = Debug|Any CPU
		{5EDC2A47-E7E2-44A0-90B8-FC62D87BA540}.Ad-Hoc|iPhoneSimulator.Build.0 = Debug|Any CPU
		{5EDC2A47-E7E2-44A0-90B8-FC62D87BA540}.Ad-Hoc|iPhoneSimulator.Deploy.0 = Debug|Any CPU
		{5EDC2A47-E7E2-44A0-90B8-FC62D87BA540}.AppStore|Any CPU.ActiveCfg = Debug|Any CPU
		{5EDC2A47-E7E2-44A0-90B8-FC62D87BA540}.AppStore|Any CPU.Build.0 = Debug|Any CPU
		{5EDC2A47-E7E2-44A0-90B8-FC62D87BA540}.AppStore|Any CPU.Deploy.0 = Debug|Any CPU
		{5EDC2A47-E7E2-44A0-90B8-FC62D87BA540}.AppStore|iPhone.ActiveCfg = Debug|Any CPU
		{5EDC2A47-E7E2-44A0-90B8-FC62D87BA540}.AppStore|iPhone.Build.0 = Debug|Any CPU
		{5EDC2A47-E7E2-44A0-90B8-FC62D87BA540}.AppStore|iPhone.Deploy.0 = Debug|Any CPU
		{5EDC2A47-E7E2-44A0-90B8-FC62D87BA540}.AppStore|iPhoneSimulator.ActiveCfg = Debug|Any CPU
		{5EDC2A47-E7E2-44A0-90B8-FC62D87BA540}.AppStore|iPhoneSimulator.Build.0 = Debug|Any CPU
		{5EDC2A47-E7E2-44A0-90B8-FC62D87BA540}.AppStore|iPhoneSimulator.Deploy.0 = Debug|Any CPU
		{5EDC2A47-E7E2-44A0-90B8-FC62D87BA540}.Debug|Any CPU.ActiveCfg = Debug|Any CPU
		{5EDC2A47-E7E2-44A0-90B8-FC62D87BA540}.Debug|Any CPU.Build.0 = Debug|Any CPU
		{5EDC2A47-E7E2-44A0-90B8-FC62D87BA540}.Debug|Any CPU.Deploy.0 = Debug|Any CPU
		{5EDC2A47-E7E2-44A0-90B8-FC62D87BA540}.Debug|iPhone.ActiveCfg = Debug|Any CPU
		{5EDC2A47-E7E2-44A0-90B8-FC62D87BA540}.Debug|iPhone.Build.0 = Debug|Any CPU
		{5EDC2A47-E7E2-44A0-90B8-FC62D87BA540}.Debug|iPhone.Deploy.0 = Debug|Any CPU
		{5EDC2A47-E7E2-44A0-90B8-FC62D87BA540}.Debug|iPhoneSimulator.ActiveCfg = Debug|Any CPU
		{5EDC2A47-E7E2-44A0-90B8-FC62D87BA540}.Debug|iPhoneSimulator.Build.0 = Debug|Any CPU
		{5EDC2A47-E7E2-44A0-90B8-FC62D87BA540}.Debug|iPhoneSimulator.Deploy.0 = Debug|Any CPU
		{5EDC2A47-E7E2-44A0-90B8-FC62D87BA540}.Release|Any CPU.ActiveCfg = Release|Any CPU
		{5EDC2A47-E7E2-44A0-90B8-FC62D87BA540}.Release|Any CPU.Build.0 = Release|Any CPU
		{5EDC2A47-E7E2-44A0-90B8-FC62D87BA540}.Release|Any CPU.Deploy.0 = Release|Any CPU
		{5EDC2A47-E7E2-44A0-90B8-FC62D87BA540}.Release|iPhone.ActiveCfg = Release|Any CPU
		{5EDC2A47-E7E2-44A0-90B8-FC62D87BA540}.Release|iPhone.Build.0 = Release|Any CPU
		{5EDC2A47-E7E2-44A0-90B8-FC62D87BA540}.Release|iPhone.Deploy.0 = Release|Any CPU
		{5EDC2A47-E7E2-44A0-90B8-FC62D87BA540}.Release|iPhoneSimulator.ActiveCfg = Release|Any CPU
		{5EDC2A47-E7E2-44A0-90B8-FC62D87BA540}.Release|iPhoneSimulator.Build.0 = Release|Any CPU
		{5EDC2A47-E7E2-44A0-90B8-FC62D87BA540}.Release|iPhoneSimulator.Deploy.0 = Release|Any CPU
	EndGlobalSection
	GlobalSection(SolutionProperties) = preSolution
		HideSolutionNode = FALSE
	EndGlobalSection
	GlobalSection(ExtensibilityGlobals) = postSolution
		SolutionGuid = {4433A3D5-4AE5-48E8-9CFF-DE137E370AC9}
	EndGlobalSection
EndGlobal
